# This file is automatically @generated by Cargo.
# It is not intended for manual editing.
version = 3

[[package]]
name = "nwords"
version = "0.1.0"
dependencies = [
 "nwords-bip39-seed",
 "nwords-core",
 "nwords-schemes",
 "nwords-wordlists",
]

[[package]]
name = "nwords-bip39-seed"
version = "0.1.0"

[[package]]
name = "nwords-core"
version = "0.1.0"

[[package]]
name = "nwords-schemes"
version = "0.1.0"
dependencies = [
 "nwords-core",
 "nwords-wordlists",
]

[[package]]
name = "nwords-wordlists"
version = "0.1.0"
dependencies = [
 "nwords-core",
]
